{
  "version": 4,
  "terraform_version": "1.12.2",
  "serial": 312,
  "lineage": "baab98f9-1a35-398b-465b-4eae1b3a3da0",
  "outputs": {},
  "resources": [
    {
      "module": "module.iam",
      "mode": "managed",
      "type": "aws_iam_service_linked_role",
      "name": "opensearch",
      "provider": "provider[\"registry.terraform.io/hashicorp/aws\"]",
      "instances": [
        {
          "schema_version": 0,
          "attributes": {
            "arn": "arn:aws:iam::134449593013:role/aws-service-role/opensearchservice.amazonaws.com/AWSServiceRoleForAmazonOpenSearchService",
            "aws_service_name": "opensearchservice.amazonaws.com",
            "create_date": "2025-07-26T07:24:26Z",
            "custom_suffix": "",
            "description": "Service Linked Role for Amazon OpenSearch Service",
            "id": "arn:aws:iam::134449593013:role/aws-service-role/opensearchservice.amazonaws.com/AWSServiceRoleForAmazonOpenSearchService",
            "name": "AWSServiceRoleForAmazonOpenSearchService",
            "path": "/aws-service-role/opensearchservice.amazonaws.com/",
            "tags": {},
            "tags_all": {},
            "unique_id": "AROAR6TOR7K26AABF6USZ"
          },
          "sensitive_attributes": [],
          "identity_schema_version": 0,
          "identity": {
            "arn": "arn:aws:iam::134449593013:role/aws-service-role/opensearchservice.amazonaws.com/AWSServiceRoleForAmazonOpenSearchService"
          },
          "private": "bnVsbA=="
        }
      ]
    }
  ],
  "check_results": [
    {
      "object_kind": "var",
      "config_addr": "var.public_subnet_cidrs",
      "status": "unknown",
      "objects": null
    }
  ]
}
